
Microsoft Visual Studio Solution File, Format Version 12.00
# Visual Studio Version 17
VisualStudioVersion = 17.0.31903.59
MinimumVisualStudioVersion = 10.0.40219.1
Project("{2150E333-8FDC-42A3-9474-1A3956D46DE8}") = "src", "src", "{89807249-C00F-44FB-B4DB-3FC9DDE60DB3}"
EndProject
Project("{FAE04EC0-301F-11D3-BF4B-00C04F79EFBC}") = "SDK.ERP.Domain", "src\SDK.ERP.Domain\SDK.ERP.Domain.csproj", "{93EB91BA-CE5D-4843-97F4-61CE6735D848}"
EndProject
Project("{FAE04EC0-301F-11D3-BF4B-00C04F79EFBC}") = "SDK.ERP.Application", "src\SDK.ERP.Application\SDK.ERP.Application.csproj", "{B6A78CE0-FADF-4FA3-B618-D70714D0FDCA}"
EndProject
Project("{FAE04EC0-301F-11D3-BF4B-00C04F79EFBC}") = "SDK.ERP.Infrastructure", "src\SDK.ERP.Infrastructure\SDK.ERP.Infrastructure.csproj", "{011761F6-D38D-40D6-B056-8E36F6F792F1}"
EndProject
Project("{FAE04EC0-301F-11D3-BF4B-00C04F79EFBC}") = "SDK.ERP.Web", "src\SDK.ERP.Web\SDK.ERP.Web.csproj", "{F50BEA45-FF4E-40A7-8681-2832CA3BACB0}"
EndProject
Project("{2150E333-8FDC-42A3-9474-1A3956D46DE8}") = "tests", "tests", "{6ED82F8A-93B1-411B-A2C9-D453FF08FF16}"
EndProject
Project("{FAE04EC0-301F-11D3-BF4B-00C04F79EFBC}") = "SDK.ERP.UnitTests", "tests\SDK.ERP.UnitTests\SDK.ERP.UnitTests.csproj", "{2E7EDC04-5A04-40E0-83CE-6274334CDE80}"
EndProject
Project("{FAE04EC0-301F-11D3-BF4B-00C04F79EFBC}") = "SDK.ERP.SecurityTests", "tests\SDK.ERP.SecurityTests\SDK.ERP.SecurityTests.csproj", "{92A2374F-56C7-4812-906F-AE768972C6F9}"
EndProject
Global
	GlobalSection(SolutionConfigurationPlatforms) = preSolution
		Debug|Any CPU = Debug|Any CPU
		Release|Any CPU = Release|Any CPU
	EndGlobalSection
	GlobalSection(SolutionProperties) = preSolution
		HideSolutionNode = FALSE
	EndGlobalSection
	GlobalSection(ProjectConfigurationPlatforms) = postSolution
		{93EB91BA-CE5D-4843-97F4-61CE6735D848}.Debug|Any CPU.ActiveCfg = Debug|Any CPU
		{93EB91BA-CE5D-4843-97F4-61CE6735D848}.Debug|Any CPU.Build.0 = Debug|Any CPU
		{93EB91BA-CE5D-4843-97F4-61CE6735D848}.Release|Any CPU.ActiveCfg = Release|Any CPU
		{93EB91BA-CE5D-4843-97F4-61CE6735D848}.Release|Any CPU.Build.0 = Release|Any CPU
		{B6A78CE0-FADF-4FA3-B618-D70714D0FDCA}.Debug|Any CPU.ActiveCfg = Debug|Any CPU
		{B6A78CE0-FADF-4FA3-B618-D70714D0FDCA}.Debug|Any CPU.Build.0 = Debug|Any CPU
		{B6A78CE0-FADF-4FA3-B618-D70714D0FDCA}.Release|Any CPU.ActiveCfg = Release|Any CPU
		{B6A78CE0-FADF-4FA3-B618-D70714D0FDCA}.Release|Any CPU.Build.0 = Release|Any CPU
		{011761F6-D38D-40D6-B056-8E36F6F792F1}.Debug|Any CPU.ActiveCfg = Debug|Any CPU
		{011761F6-D38D-40D6-B056-8E36F6F792F1}.Debug|Any CPU.Build.0 = Debug|Any CPU
		{011761F6-D38D-40D6-B056-8E36F6F792F1}.Release|Any CPU.ActiveCfg = Release|Any CPU
		{011761F6-D38D-40D6-B056-8E36F6F792F1}.Release|Any CPU.Build.0 = Release|Any CPU
		{F50BEA45-FF4E-40A7-8681-2832CA3BACB0}.Debug|Any CPU.ActiveCfg = Debug|Any CPU
		{F50BEA45-FF4E-40A7-8681-2832CA3BACB0}.Debug|Any CPU.Build.0 = Debug|Any CPU
		{F50BEA45-FF4E-40A7-8681-2832CA3BACB0}.Release|Any CPU.ActiveCfg = Release|Any CPU
		{F50BEA45-FF4E-40A7-8681-2832CA3BACB0}.Release|Any CPU.Build.0 = Release|Any CPU
		{2E7EDC04-5A04-40E0-83CE-6274334CDE80}.Debug|Any CPU.ActiveCfg = Debug|Any CPU
		{2E7EDC04-5A04-40E0-83CE-6274334CDE80}.Debug|Any CPU.Build.0 = Debug|Any CPU
		{2E7EDC04-5A04-40E0-83CE-6274334CDE80}.Release|Any CPU.ActiveCfg = Release|Any CPU
		{2E7EDC04-5A04-40E0-83CE-6274334CDE80}.Release|Any CPU.Build.0 = Release|Any CPU
		{92A2374F-56C7-4812-906F-AE768972C6F9}.Debug|Any CPU.ActiveCfg = Debug|Any CPU
		{92A2374F-56C7-4812-906F-AE768972C6F9}.Debug|Any CPU.Build.0 = Debug|Any CPU
		{92A2374F-56C7-4812-906F-AE768972C6F9}.Release|Any CPU.ActiveCfg = Release|Any CPU
		{92A2374F-56C7-4812-906F-AE768972C6F9}.Release|Any CPU.Build.0 = Release|Any CPU
	EndGlobalSection
	GlobalSection(NestedProjects) = preSolution
		{93EB91BA-CE5D-4843-97F4-61CE6735D848} = {89807249-C00F-44FB-B4DB-3FC9DDE60DB3}
		{B6A78CE0-FADF-4FA3-B618-D70714D0FDCA} = {89807249-C00F-44FB-B4DB-3FC9DDE60DB3}
		{011761F6-D38D-40D6-B056-8E36F6F792F1} = {89807249-C00F-44FB-B4DB-3FC9DDE60DB3}
		{F50BEA45-FF4E-40A7-8681-2832CA3BACB0} = {89807249-C00F-44FB-B4DB-3FC9DDE60DB3}
		{2E7EDC04-5A04-40E0-83CE-6274334CDE80} = {6ED82F8A-93B1-411B-A2C9-D453FF08FF16}
		{92A2374F-56C7-4812-906F-AE768972C6F9} = {6ED82F8A-93B1-411B-A2C9-D453FF08FF16}
	EndGlobalSection
EndGlobal
